// !$*UTF8*$!
{
	archiveVersion = 1;
	classes = {
	};
	objectVersion = 51;
	objects = {

/* Begin PBXBuildFile section */
		654FF3E8D3D281ABC2C0245C /* Pods_moviesApp.framework in Frameworks */ = {isa = PBXBuildFile; fileRef = 4F434E7B7D4BA05E7CCC498A /* Pods_moviesApp.framework */; };
		6981792725C9E65B0094E675 /* MovieDetailVC.m in Sources */ = {isa = PBXBuildFile; fileRef = 6981792625C9E65B0094E675 /* MovieDetailVC.m */; };
		6981793F25C9EEC90094E675 /* RequestManager.m in Sources */ = {isa = PBXBuildFile; fileRef = 6981793E25C9EEC90094E675 /* RequestManager.m */; };
		6981794425C9F1C50094E675 /* MovieDetailRequest.m in Sources */ = {isa = PBXBuildFile; fileRef = 6981794325C9F1C50094E675 /* MovieDetailRequest.m */; };
		6981794E25C9F3210094E675 /* GetAppConfig.m in Sources */ = {isa = PBXBuildFile; fileRef = 6981794D25C9F3210094E675 /* GetAppConfig.m */; };
		69B8B3D125C86F1000579FDD /* AlertManager.swift in Sources */ = {isa = PBXBuildFile; fileRef = 69B8B3CE25C86F1000579FDD /* AlertManager.swift */; };
		69B8B3D225C86F1000579FDD /* GetDevice.swift in Sources */ = {isa = PBXBuildFile; fileRef = 69B8B3D025C86F1000579FDD /* GetDevice.swift */; };
		69B8B3D525C86FA200579FDD /* ApiRequest.swift in Sources */ = {isa = PBXBuildFile; fileRef = 69B8B3D425C86FA200579FDD /* ApiRequest.swift */; };
		69B8B3D925C86FBC00579FDD /* MoviesRequest.swift in Sources */ = {isa = PBXBuildFile; fileRef = 69B8B3D825C86FBC00579FDD /* MoviesRequest.swift */; };
		69B8B3DC25C86FF600579FDD /* AppConfig.plist in Resources */ = {isa = PBXBuildFile; fileRef = 69B8B3DB25C86FF600579FDD /* AppConfig.plist */; };
		69B8B3DF25C8719A00579FDD /* Movies.swift in Sources */ = {isa = PBXBuildFile; fileRef = 69B8B3DE25C8719A00579FDD /* Movies.swift */; };
		69B8B3E225C87D9A00579FDD /* AppConfigModel.swift in Sources */ = {isa = PBXBuildFile; fileRef = 69B8B3E125C87D9A00579FDD /* AppConfigModel.swift */; };
		69B8B3E625C87DFB00579FDD /* GetAppSettings.swift in Sources */ = {isa = PBXBuildFile; fileRef = 69B8B3E525C87DFB00579FDD /* GetAppSettings.swift */; };
		69B8B3E925C87EF500579FDD /* MoviesCC.swift in Sources */ = {isa = PBXBuildFile; fileRef = 69B8B3E825C87EF500579FDD /* MoviesCC.swift */; };
		69B8B3ED25C8806600579FDD /* Response.swift in Sources */ = {isa = PBXBuildFile; fileRef = 69B8B3EC25C8806600579FDD /* Response.swift */; };
		69B8B3F025C8810100579FDD /* MoviesDataModel.swift in Sources */ = {isa = PBXBuildFile; fileRef = 69B8B3EF25C8810100579FDD /* MoviesDataModel.swift */; };
		69B8B3F425C8892C00579FDD /* UIViewControllerExtension.swift in Sources */ = {isa = PBXBuildFile; fileRef = 69B8B3F325C8892B00579FDD /* UIViewControllerExtension.swift */; };
		69DC59C525C8640700F7A4F1 /* AppDelegate.swift in Sources */ = {isa = PBXBuildFile; fileRef = 69DC59C425C8640700F7A4F1 /* AppDelegate.swift */; };
		69DC59C725C8640700F7A4F1 /* SceneDelegate.swift in Sources */ = {isa = PBXBuildFile; fileRef = 69DC59C625C8640700F7A4F1 /* SceneDelegate.swift */; };
		69DC59C925C8640700F7A4F1 /* MoviesVC.swift in Sources */ = {isa = PBXBuildFile; fileRef = 69DC59C825C8640700F7A4F1 /* MoviesVC.swift */; };
		69DC59CC25C8640700F7A4F1 /* Main.storyboard in Resources */ = {isa = PBXBuildFile; fileRef = 69DC59CA25C8640700F7A4F1 /* Main.storyboard */; };
		69DC59CE25C8640800F7A4F1 /* Assets.xcassets in Resources */ = {isa = PBXBuildFile; fileRef = 69DC59CD25C8640800F7A4F1 /* Assets.xcassets */; };
		69DC59D125C8640800F7A4F1 /* LaunchScreen.storyboard in Resources */ = {isa = PBXBuildFile; fileRef = 69DC59CF25C8640800F7A4F1 /* LaunchScreen.storyboard */; };
		69EFAEE925CA3C970060D526 /* MovieDetailDataModel.m in Sources */ = {isa = PBXBuildFile; fileRef = 69EFAEE825CA3C970060D526 /* MovieDetailDataModel.m */; };
		69EFAEF825CA67F90060D526 /* MovieDetailTC.m in Sources */ = {isa = PBXBuildFile; fileRef = 69EFAEF725CA67F80060D526 /* MovieDetailTC.m */; };
		69EFAEFD25CA680F0060D526 /* MovieDetailHeaderTC.m in Sources */ = {isa = PBXBuildFile; fileRef = 69EFAEFC25CA680F0060D526 /* MovieDetailHeaderTC.m */; };
		69EFAF0125CA68460060D526 /* MovieDetailDescriptionTC.m in Sources */ = {isa = PBXBuildFile; fileRef = 69EFAF0025CA68460060D526 /* MovieDetailDescriptionTC.m */; };
		69EFAF2B25CA72CC0060D526 /* UIImageViewExtension.swift in Sources */ = {isa = PBXBuildFile; fileRef = 69EFAF2A25CA72CC0060D526 /* UIImageViewExtension.swift */; };
/* End PBXBuildFile section */

/* Begin PBXFileReference section */
		1B558A6F4706FF6985D3807A /* Pods-moviesApp.debug.xcconfig */ = {isa = PBXFileReference; includeInIndex = 1; lastKnownFileType = text.xcconfig; name = "Pods-moviesApp.debug.xcconfig"; path = "Target Support Files/Pods-moviesApp/Pods-moviesApp.debug.xcconfig"; sourceTree = "<group>"; };
		4F434E7B7D4BA05E7CCC498A /* Pods_moviesApp.framework */ = {isa = PBXFileReference; explicitFileType = wrapper.framework; includeInIndex = 0; path = Pods_moviesApp.framework; sourceTree = BUILT_PRODUCTS_DIR; };
		6981791925C9E2700094E675 /* Bridging-Header.h */ = {isa = PBXFileReference; lastKnownFileType = sourcecode.c.h; path = "Bridging-Header.h"; sourceTree = "<group>"; };
		6981792525C9E65B0094E675 /* MovieDetailVC.h */ = {isa = PBXFileReference; lastKnownFileType = sourcecode.c.h; path = MovieDetailVC.h; sourceTree = "<group>"; };
		6981792625C9E65B0094E675 /* MovieDetailVC.m */ = {isa = PBXFileReference; lastKnownFileType = sourcecode.c.objc; path = MovieDetailVC.m; sourceTree = "<group>"; };
		6981793D25C9EEC90094E675 /* RequestManager.h */ = {isa = PBXFileReference; lastKnownFileType = sourcecode.c.h; path = RequestManager.h; sourceTree = "<group>"; };
		6981793E25C9EEC90094E675 /* RequestManager.m */ = {isa = PBXFileReference; lastKnownFileType = sourcecode.c.objc; path = RequestManager.m; sourceTree = "<group>"; };
		6981794225C9F1C50094E675 /* MovieDetailRequest.h */ = {isa = PBXFileReference; lastKnownFileType = sourcecode.c.h; path = MovieDetailRequest.h; sourceTree = "<group>"; };
		6981794325C9F1C50094E675 /* MovieDetailRequest.m */ = {isa = PBXFileReference; lastKnownFileType = sourcecode.c.objc; path = MovieDetailRequest.m; sourceTree = "<group>"; };
		6981794C25C9F3210094E675 /* GetAppConfig.h */ = {isa = PBXFileReference; lastKnownFileType = sourcecode.c.h; path = GetAppConfig.h; sourceTree = "<group>"; };
		6981794D25C9F3210094E675 /* GetAppConfig.m */ = {isa = PBXFileReference; lastKnownFileType = sourcecode.c.objc; path = GetAppConfig.m; sourceTree = "<group>"; };
		69B8B3CE25C86F1000579FDD /* AlertManager.swift */ = {isa = PBXFileReference; fileEncoding = 4; lastKnownFileType = sourcecode.swift; path = AlertManager.swift; sourceTree = "<group>"; };
		69B8B3D025C86F1000579FDD /* GetDevice.swift */ = {isa = PBXFileReference; fileEncoding = 4; lastKnownFileType = sourcecode.swift; path = GetDevice.swift; sourceTree = "<group>"; };
		69B8B3D425C86FA200579FDD /* ApiRequest.swift */ = {isa = PBXFileReference; fileEncoding = 4; lastKnownFileType = sourcecode.swift; path = ApiRequest.swift; sourceTree = "<group>"; };
		69B8B3D825C86FBC00579FDD /* MoviesRequest.swift */ = {isa = PBXFileReference; lastKnownFileType = sourcecode.swift; path = MoviesRequest.swift; sourceTree = "<group>"; };
		69B8B3DB25C86FF600579FDD /* AppConfig.plist */ = {isa = PBXFileReference; lastKnownFileType = text.plist.xml; path = AppConfig.plist; sourceTree = "<group>"; };
		69B8B3DE25C8719A00579FDD /* Movies.swift */ = {isa = PBXFileReference; lastKnownFileType = sourcecode.swift; path = Movies.swift; sourceTree = "<group>"; };
		69B8B3E125C87D9A00579FDD /* AppConfigModel.swift */ = {isa = PBXFileReference; lastKnownFileType = sourcecode.swift; path = AppConfigModel.swift; sourceTree = "<group>"; };
		69B8B3E525C87DFB00579FDD /* GetAppSettings.swift */ = {isa = PBXFileReference; lastKnownFileType = sourcecode.swift; path = GetAppSettings.swift; sourceTree = "<group>"; };
		69B8B3E825C87EF500579FDD /* MoviesCC.swift */ = {isa = PBXFileReference; lastKnownFileType = sourcecode.swift; path = MoviesCC.swift; sourceTree = "<group>"; };
		69B8B3EC25C8806600579FDD /* Response.swift */ = {isa = PBXFileReference; lastKnownFileType = sourcecode.swift; path = Response.swift; sourceTree = "<group>"; };
		69B8B3EF25C8810100579FDD /* MoviesDataModel.swift */ = {isa = PBXFileReference; lastKnownFileType = sourcecode.swift; path = MoviesDataModel.swift; sourceTree = "<group>"; };
		69B8B3F325C8892B00579FDD /* UIViewControllerExtension.swift */ = {isa = PBXFileReference; lastKnownFileType = sourcecode.swift; path = UIViewControllerExtension.swift; sourceTree = "<group>"; };
		69DC59C125C8640700F7A4F1 /* moviesApp.app */ = {isa = PBXFileReference; explicitFileType = wrapper.application; includeInIndex = 0; path = moviesApp.app; sourceTree = BUILT_PRODUCTS_DIR; };
		69DC59C425C8640700F7A4F1 /* AppDelegate.swift */ = {isa = PBXFileReference; lastKnownFileType = sourcecode.swift; path = AppDelegate.swift; sourceTree = "<group>"; };
		69DC59C625C8640700F7A4F1 /* SceneDelegate.swift */ = {isa = PBXFileReference; lastKnownFileType = sourcecode.swift; path = SceneDelegate.swift; sourceTree = "<group>"; };
		69DC59C825C8640700F7A4F1 /* MoviesVC.swift */ = {isa = PBXFileReference; lastKnownFileType = sourcecode.swift; path = MoviesVC.swift; sourceTree = "<group>"; };
		69DC59CB25C8640700F7A4F1 /* Base */ = {isa = PBXFileReference; lastKnownFileType = file.storyboard; name = Base; path = Base.lproj/Main.storyboard; sourceTree = "<group>"; };
		69DC59CD25C8640800F7A4F1 /* Assets.xcassets */ = {isa = PBXFileReference; lastKnownFileType = folder.assetcatalog; path = Assets.xcassets; sourceTree = "<group>"; };
		69DC59D025C8640800F7A4F1 /* Base */ = {isa = PBXFileReference; lastKnownFileType = file.storyboard; name = Base; path = Base.lproj/LaunchScreen.storyboard; sourceTree = "<group>"; };
		69DC59D225C8640800F7A4F1 /* Info.plist */ = {isa = PBXFileReference; lastKnownFileType = text.plist.xml; path = Info.plist; sourceTree = "<group>"; };
		69EFAEE725CA3C970060D526 /* MovieDetailDataModel.h */ = {isa = PBXFileReference; lastKnownFileType = sourcecode.c.h; path = MovieDetailDataModel.h; sourceTree = "<group>"; };
		69EFAEE825CA3C970060D526 /* MovieDetailDataModel.m */ = {isa = PBXFileReference; lastKnownFileType = sourcecode.c.objc; path = MovieDetailDataModel.m; sourceTree = "<group>"; };
		69EFAEF625CA67F80060D526 /* MovieDetailTC.h */ = {isa = PBXFileReference; lastKnownFileType = sourcecode.c.h; path = MovieDetailTC.h; sourceTree = "<group>"; };
		69EFAEF725CA67F80060D526 /* MovieDetailTC.m */ = {isa = PBXFileReference; lastKnownFileType = sourcecode.c.objc; path = MovieDetailTC.m; sourceTree = "<group>"; };
		69EFAEFB25CA680F0060D526 /* MovieDetailHeaderTC.h */ = {isa = PBXFileReference; lastKnownFileType = sourcecode.c.h; path = MovieDetailHeaderTC.h; sourceTree = "<group>"; };
		69EFAEFC25CA680F0060D526 /* MovieDetailHeaderTC.m */ = {isa = PBXFileReference; lastKnownFileType = sourcecode.c.objc; path = MovieDetailHeaderTC.m; sourceTree = "<group>"; };
		69EFAEFF25CA68460060D526 /* MovieDetailDescriptionTC.h */ = {isa = PBXFileReference; lastKnownFileType = sourcecode.c.h; path = MovieDetailDescriptionTC.h; sourceTree = "<group>"; };
		69EFAF0025CA68460060D526 /* MovieDetailDescriptionTC.m */ = {isa = PBXFileReference; lastKnownFileType = sourcecode.c.objc; path = MovieDetailDescriptionTC.m; sourceTree = "<group>"; };
		69EFAF2A25CA72CC0060D526 /* UIImageViewExtension.swift */ = {isa = PBXFileReference; lastKnownFileType = sourcecode.swift; path = UIImageViewExtension.swift; sourceTree = "<group>"; };
		E223EEFE495AE24A78CDFCF0 /* Pods-moviesApp.release.xcconfig */ = {isa = PBXFileReference; includeInIndex = 1; lastKnownFileType = text.xcconfig; name = "Pods-moviesApp.release.xcconfig"; path = "Target Support Files/Pods-moviesApp/Pods-moviesApp.release.xcconfig"; sourceTree = "<group>"; };
/* End PBXFileReference section */

/* Begin PBXFrameworksBuildPhase section */
		69DC59BE25C8640700F7A4F1 /* Frameworks */ = {
			isa = PBXFrameworksBuildPhase;
			buildActionMask = 2147483647;
			files = (
				654FF3E8D3D281ABC2C0245C /* Pods_moviesApp.framework in Frameworks */,
			);
			runOnlyForDeploymentPostprocessing = 0;
		};
/* End PBXFrameworksBuildPhase section */

/* Begin PBXGroup section */
		120320C5E68C9EF583FD7E45 /* Frameworks */ = {
			isa = PBXGroup;
			children = (
				4F434E7B7D4BA05E7CCC498A /* Pods_moviesApp.framework */,
			);
			name = Frameworks;
			sourceTree = "<group>";
		};
		6981792225C9E6260094E675 /* Controller */ = {
			isa = PBXGroup;
			children = (
				6981792525C9E65B0094E675 /* MovieDetailVC.h */,
				6981792625C9E65B0094E675 /* MovieDetailVC.m */,
			);
			path = Controller;
			sourceTree = "<group>";
		};
		6981792325C9E6330094E675 /* View */ = {
			isa = PBXGroup;
			children = (
				69EFAEF025CA67A10060D526 /* TableView */,
			);
			path = View;
			sourceTree = "<group>";
		};
		6981792425C9E6370094E675 /* Model */ = {
			isa = PBXGroup;
			children = (
				69EFAEE725CA3C970060D526 /* MovieDetailDataModel.h */,
				69EFAEE825CA3C970060D526 /* MovieDetailDataModel.m */,
			);
			path = Model;
			sourceTree = "<group>";
		};
		6981793125C9EDD10094E675 /* Swiff */ = {
			isa = PBXGroup;
			children = (
				69B8B3EB25C8805500579FDD /* enum */,
				69B8B3D725C86FA700579FDD /* Movies */,
				69B8B3D425C86FA200579FDD /* ApiRequest.swift */,
			);
			path = Swiff;
			sourceTree = "<group>";
		};
		6981793225C9EDD90094E675 /* Objective-C */ = {
			isa = PBXGroup;
			children = (
				6981794125C9F1AA0094E675 /* Movie Detail */,
				6981793D25C9EEC90094E675 /* RequestManager.h */,
				6981793E25C9EEC90094E675 /* RequestManager.m */,
			);
			path = "Objective-C";
			sourceTree = "<group>";
		};
		6981794125C9F1AA0094E675 /* Movie Detail */ = {
			isa = PBXGroup;
			children = (
				6981794225C9F1C50094E675 /* MovieDetailRequest.h */,
				6981794325C9F1C50094E675 /* MovieDetailRequest.m */,
			);
			path = "Movie Detail";
			sourceTree = "<group>";
		};
		6981794A25C9F2FD0094E675 /* Swift */ = {
			isa = PBXGroup;
			children = (
				69B8B3E525C87DFB00579FDD /* GetAppSettings.swift */,
			);
			path = Swift;
			sourceTree = "<group>";
		};
		6981794B25C9F3030094E675 /* Objetive-C */ = {
			isa = PBXGroup;
			children = (
				6981794C25C9F3210094E675 /* GetAppConfig.h */,
				6981794D25C9F3210094E675 /* GetAppConfig.m */,
			);
			path = "Objetive-C";
			sourceTree = "<group>";
		};
		69B8B3BF25C86A6800579FDD /* Networking */ = {
			isa = PBXGroup;
			children = (
				6981793225C9EDD90094E675 /* Objective-C */,
				6981793125C9EDD10094E675 /* Swiff */,
			);
			path = Networking;
			sourceTree = "<group>";
		};
		69B8B3C125C86A8C00579FDD /* Resources */ = {
			isa = PBXGroup;
			children = (
				69DC59CD25C8640800F7A4F1 /* Assets.xcassets */,
			);
			path = Resources;
			sourceTree = "<group>";
		};
		69B8B3C225C86A9600579FDD /* Utils */ = {
			isa = PBXGroup;
			children = (
				69B8B3F225C8891900579FDD /* Extensions */,
				69B8B3E425C87DAF00579FDD /* GetAppSettings */,
				69B8B3CD25C86F1000579FDD /* Alerts */,
				69B8B3CF25C86F1000579FDD /* Device */,
			);
			path = Utils;
			sourceTree = "<group>";
		};
		69B8B3C325C86AB600579FDD /* Application */ = {
			isa = PBXGroup;
			children = (
				6981791925C9E2700094E675 /* Bridging-Header.h */,
				69DC59C425C8640700F7A4F1 /* AppDelegate.swift */,
				69DC59C625C8640700F7A4F1 /* SceneDelegate.swift */,
				69DC59D225C8640800F7A4F1 /* Info.plist */,
				69B8B3DB25C86FF600579FDD /* AppConfig.plist */,
				69B8B3E125C87D9A00579FDD /* AppConfigModel.swift */,
			);
			path = Application;
			sourceTree = "<group>";
		};
		69B8B3C425C86B3500579FDD /* Modules */ = {
			isa = PBXGroup;
			children = (
				69B8B3CA25C86DB200579FDD /* Movie Detail */,
				69B8B3C925C86DAA00579FDD /* Movies */,
				69B8B3C525C86D5100579FDD /* StoryBoards */,
			);
			path = Modules;
			sourceTree = "<group>";
		};
		69B8B3C525C86D5100579FDD /* StoryBoards */ = {
			isa = PBXGroup;
			children = (
				69DC59CA25C8640700F7A4F1 /* Main.storyboard */,
				69DC59CF25C8640800F7A4F1 /* LaunchScreen.storyboard */,
			);
			path = StoryBoards;
			sourceTree = "<group>";
		};
		69B8B3C625C86D5C00579FDD /* Model */ = {
			isa = PBXGroup;
			children = (
				69B8B3DE25C8719A00579FDD /* Movies.swift */,
				69B8B3EF25C8810100579FDD /* MoviesDataModel.swift */,
			);
			path = Model;
			sourceTree = "<group>";
		};
		69B8B3C725C86D6100579FDD /* View */ = {
			isa = PBXGroup;
			children = (
				69B8B3E825C87EF500579FDD /* MoviesCC.swift */,
			);
			path = View;
			sourceTree = "<group>";
		};
		69B8B3C825C86D6500579FDD /* Controller */ = {
			isa = PBXGroup;
			children = (
				69DC59C825C8640700F7A4F1 /* MoviesVC.swift */,
			);
			path = Controller;
			sourceTree = "<group>";
		};
		69B8B3C925C86DAA00579FDD /* Movies */ = {
			isa = PBXGroup;
			children = (
				69B8B3C625C86D5C00579FDD /* Model */,
				69B8B3C725C86D6100579FDD /* View */,
				69B8B3C825C86D6500579FDD /* Controller */,
			);
			path = Movies;
			sourceTree = "<group>";
		};
		69B8B3CA25C86DB200579FDD /* Movie Detail */ = {
			isa = PBXGroup;
			children = (
				6981792425C9E6370094E675 /* Model */,
				6981792325C9E6330094E675 /* View */,
				6981792225C9E6260094E675 /* Controller */,
			);
			path = "Movie Detail";
			sourceTree = "<group>";
		};
		69B8B3CD25C86F1000579FDD /* Alerts */ = {
			isa = PBXGroup;
			children = (
				69B8B3CE25C86F1000579FDD /* AlertManager.swift */,
			);
			path = Alerts;
			sourceTree = "<group>";
		};
		69B8B3CF25C86F1000579FDD /* Device */ = {
			isa = PBXGroup;
			children = (
				69B8B3D025C86F1000579FDD /* GetDevice.swift */,
			);
			path = Device;
			sourceTree = "<group>";
		};
		69B8B3D725C86FA700579FDD /* Movies */ = {
			isa = PBXGroup;
			children = (
				69B8B3D825C86FBC00579FDD /* MoviesRequest.swift */,
			);
			path = Movies;
			sourceTree = "<group>";
		};
		69B8B3E425C87DAF00579FDD /* GetAppSettings */ = {
			isa = PBXGroup;
			children = (
				6981794B25C9F3030094E675 /* Objetive-C */,
				6981794A25C9F2FD0094E675 /* Swift */,
			);
			path = GetAppSettings;
			sourceTree = "<group>";
		};
		69B8B3EB25C8805500579FDD /* enum */ = {
			isa = PBXGroup;
			children = (
				69B8B3EC25C8806600579FDD /* Response.swift */,
			);
			path = enum;
			sourceTree = "<group>";
		};
		69B8B3F225C8891900579FDD /* Extensions */ = {
			isa = PBXGroup;
			children = (
				69B8B3F325C8892B00579FDD /* UIViewControllerExtension.swift */,
				69EFAF2A25CA72CC0060D526 /* UIImageViewExtension.swift */,
			);
			path = Extensions;
			sourceTree = "<group>";
		};
		69DC59B825C8640700F7A4F1 = {
			isa = PBXGroup;
			children = (
				69DC59C325C8640700F7A4F1 /* moviesApp */,
				69DC59C225C8640700F7A4F1 /* Products */,
				D35929F8507D43EE346B61B0 /* Pods */,
				120320C5E68C9EF583FD7E45 /* Frameworks */,
			);
			sourceTree = "<group>";
		};
		69DC59C225C8640700F7A4F1 /* Products */ = {
			isa = PBXGroup;
			children = (
				69DC59C125C8640700F7A4F1 /* moviesApp.app */,
			);
			name = Products;
			sourceTree = "<group>";
		};
		69DC59C325C8640700F7A4F1 /* moviesApp */ = {
			isa = PBXGroup;
			children = (
				69B8B3C325C86AB600579FDD /* Application */,
				69B8B3C425C86B3500579FDD /* Modules */,
				69B8B3BF25C86A6800579FDD /* Networking */,
				69B8B3C125C86A8C00579FDD /* Resources */,
				69B8B3C225C86A9600579FDD /* Utils */,
			);
			path = moviesApp;
			sourceTree = "<group>";
		};
		69EFAEF025CA67A10060D526 /* TableView */ = {
			isa = PBXGroup;
			children = (
				69EFAEF625CA67F80060D526 /* MovieDetailTC.h */,
				69EFAEF725CA67F80060D526 /* MovieDetailTC.m */,
				69EFAEFB25CA680F0060D526 /* MovieDetailHeaderTC.h */,
				69EFAEFC25CA680F0060D526 /* MovieDetailHeaderTC.m */,
				69EFAEFF25CA68460060D526 /* MovieDetailDescriptionTC.h */,
				69EFAF0025CA68460060D526 /* MovieDetailDescriptionTC.m */,
			);
			path = TableView;
			sourceTree = "<group>";
		};
		D35929F8507D43EE346B61B0 /* Pods */ = {
			isa = PBXGroup;
			children = (
				1B558A6F4706FF6985D3807A /* Pods-moviesApp.debug.xcconfig */,
				E223EEFE495AE24A78CDFCF0 /* Pods-moviesApp.release.xcconfig */,
			);
			path = Pods;
			sourceTree = "<group>";
		};
/* End PBXGroup section */

/* Begin PBXNativeTarget section */
		69DC59C025C8640700F7A4F1 /* moviesApp */ = {
			isa = PBXNativeTarget;
			buildConfigurationList = 69DC59D525C8640800F7A4F1 /* Build configuration list for PBXNativeTarget "moviesApp" */;
			buildPhases = (
				04B887355AE54635964BFED6 /* [CP] Check Pods Manifest.lock */,
				69DC59BD25C8640700F7A4F1 /* Sources */,
				69DC59BE25C8640700F7A4F1 /* Frameworks */,
				69DC59BF25C8640700F7A4F1 /* Resources */,
				A95B6969E1509F21D9E5CE13 /* [CP] Embed Pods Frameworks */,
			);
			buildRules = (
			);
			dependencies = (
			);
			name = moviesApp;
			productName = moviesApp;
			productReference = 69DC59C125C8640700F7A4F1 /* moviesApp.app */;
			productType = "com.apple.product-type.application";
		};
/* End PBXNativeTarget section */

/* Begin PBXProject section */
		69DC59B925C8640700F7A4F1 /* Project object */ = {
			isa = PBXProject;
			attributes = {
				LastSwiftUpdateCheck = 1240;
				LastUpgradeCheck = 1240;
				TargetAttributes = {
					69DC59C025C8640700F7A4F1 = {
						CreatedOnToolsVersion = 12.4;
					};
				};
			};
			buildConfigurationList = 69DC59BC25C8640700F7A4F1 /* Build configuration list for PBXProject "moviesApp" */;
			compatibilityVersion = "Xcode 9.3";
			developmentRegion = en;
			hasScannedForEncodings = 0;
			knownRegions = (
				en,
				Base,
			);
			mainGroup = 69DC59B825C8640700F7A4F1;
			productRefGroup = 69DC59C225C8640700F7A4F1 /* Products */;
			projectDirPath = "";
			projectRoot = "";
			targets = (
				69DC59C025C8640700F7A4F1 /* moviesApp */,
			);
		};
/* End PBXProject section */

/* Begin PBXResourcesBuildPhase section */
		69DC59BF25C8640700F7A4F1 /* Resources */ = {
			isa = PBXResourcesBuildPhase;
			buildActionMask = 2147483647;
			files = (
				69B8B3DC25C86FF600579FDD /* AppConfig.plist in Resources */,
				69DC59D125C8640800F7A4F1 /* LaunchScreen.storyboard in Resources */,
				69DC59CE25C8640800F7A4F1 /* Assets.xcassets in Resources */,
				69DC59CC25C8640700F7A4F1 /* Main.storyboard in Resources */,
			);
			runOnlyForDeploymentPostprocessing = 0;
		};
/* End PBXResourcesBuildPhase section */

/* Begin PBXShellScriptBuildPhase section */
		04B887355AE54635964BFED6 /* [CP] Check Pods Manifest.lock */ = {
			isa = PBXShellScriptBuildPhase;
			buildActionMask = 2147483647;
			files = (
			);
			inputFileListPaths = (
			);
			inputPaths = (
				"${PODS_PODFILE_DIR_PATH}/Podfile.lock",
				"${PODS_ROOT}/Manifest.lock",
			);
			name = "[CP] Check Pods Manifest.lock";
			outputFileListPaths = (
			);
			outputPaths = (
				"$(DERIVED_FILE_DIR)/Pods-moviesApp-checkManifestLockResult.txt",
			);
			runOnlyForDeploymentPostprocessing = 0;
			shellPath = /bin/sh;
			shellScript = "diff \"${PODS_PODFILE_DIR_PATH}/Podfile.lock\" \"${PODS_ROOT}/Manifest.lock\" > /dev/null\nif [ $? != 0 ] ; then\n    # print error to STDERR\n    echo \"error: The sandbox is not in sync with the Podfile.lock. Run 'pod install' or update your CocoaPods installation.\" >&2\n    exit 1\nfi\n# This output is used by Xcode 'outputs' to avoid re-running this script phase.\necho \"SUCCESS\" > \"${SCRIPT_OUTPUT_FILE_0}\"\n";
			showEnvVarsInLog = 0;
		};
		A95B6969E1509F21D9E5CE13 /* [CP] Embed Pods Frameworks */ = {
			isa = PBXShellScriptBuildPhase;
			buildActionMask = 2147483647;
			files = (
			);
			inputFileListPaths = (
				"${PODS_ROOT}/Target Support Files/Pods-moviesApp/Pods-moviesApp-frameworks-${CONFIGURATION}-input-files.xcfilelist",
			);
			name = "[CP] Embed Pods Frameworks";
			outputFileListPaths = (
				"${PODS_ROOT}/Target Support Files/Pods-moviesApp/Pods-moviesApp-frameworks-${CONFIGURATION}-output-files.xcfilelist",
			);
			runOnlyForDeploymentPostprocessing = 0;
			shellPath = /bin/sh;
			shellScript = "\"${PODS_ROOT}/Target Support Files/Pods-moviesApp/Pods-moviesApp-frameworks.sh\"\n";
			showEnvVarsInLog = 0;
		};
/* End PBXShellScriptBuildPhase section */

/* Begin PBXSourcesBuildPhase section */
		69DC59BD25C8640700F7A4F1 /* Sources */ = {
			isa = PBXSourcesBuildPhase;
			buildActionMask = 2147483647;
			files = (
				69B8B3D125C86F1000579FDD /* AlertManager.swift in Sources */,
				69B8B3E925C87EF500579FDD /* MoviesCC.swift in Sources */,
				69DC59C925C8640700F7A4F1 /* MoviesVC.swift in Sources */,
				6981794425C9F1C50094E675 /* MovieDetailRequest.m in Sources */,
				69B8B3DF25C8719A00579FDD /* Movies.swift in Sources */,
				6981792725C9E65B0094E675 /* MovieDetailVC.m in Sources */,
				69EFAEF825CA67F90060D526 /* MovieDetailTC.m in Sources */,
				69B8B3ED25C8806600579FDD /* Response.swift in Sources */,
				69B8B3D925C86FBC00579FDD /* MoviesRequest.swift in Sources */,
				6981794E25C9F3210094E675 /* GetAppConfig.m in Sources */,
				69B8B3E225C87D9A00579FDD /* AppConfigModel.swift in Sources */,
				69EFAF0125CA68460060D526 /* MovieDetailDescriptionTC.m in Sources */,
				69EFAEFD25CA680F0060D526 /* MovieDetailHeaderTC.m in Sources */,
				69B8B3D525C86FA200579FDD /* ApiRequest.swift in Sources */,
				69B8B3F025C8810100579FDD /* MoviesDataModel.swift in Sources */,
				69B8B3D225C86F1000579FDD /* GetDevice.swift in Sources */,
				69EFAEE925CA3C970060D526 /* MovieDetailDataModel.m in Sources */,
				69EFAF2B25CA72CC0060D526 /* UIImageViewExtension.swift in Sources */,
				69DC59C525C8640700F7A4F1 /* AppDelegate.swift in Sources */,
				69DC59C725C8640700F7A4F1 /* SceneDelegate.swift in Sources */,
				69B8B3F425C8892C00579FDD /* UIViewControllerExtension.swift in Sources */,
				69B8B3E625C87DFB00579FDD /* GetAppSettings.swift in Sources */,
				6981793F25C9EEC90094E675 /* RequestManager.m in Sources */,
			);
			runOnlyForDeploymentPostprocessing = 0;
		};
/* End PBXSourcesBuildPhase section */

/* Begin PBXVariantGroup section */
		69DC59CA25C8640700F7A4F1 /* Main.storyboard */ = {
			isa = PBXVariantGroup;
			children = (
				69DC59CB25C8640700F7A4F1 /* Base */,
			);
			name = Main.storyboard;
			sourceTree = "<group>";
		};
		69DC59CF25C8640800F7A4F1 /* LaunchScreen.storyboard */ = {
			isa = PBXVariantGroup;
			children = (
				69DC59D025C8640800F7A4F1 /* Base */,
			);
			name = LaunchScreen.storyboard;
			sourceTree = "<group>";
		};
/* End PBXVariantGroup section */

/* Begin XCBuildConfiguration section */
		69DC59D325C8640800F7A4F1 /* Debug */ = {
			isa = XCBuildConfiguration;
			buildSettings = {
				ALWAYS_SEARCH_USER_PATHS = NO;
				CLANG_ANALYZER_NONNULL = YES;
				CLANG_ANALYZER_NUMBER_OBJECT_CONVERSION = YES_AGGRESSIVE;
				CLANG_CXX_LANGUAGE_STANDARD = "gnu++14";
				CLANG_CXX_LIBRARY = "libc++";
				CLANG_ENABLE_MODULES = YES;
				CLANG_ENABLE_OBJC_ARC = YES;
				CLANG_ENABLE_OBJC_WEAK = YES;
				CLANG_WARN_BLOCK_CAPTURE_AUTORELEASING = YES;
				CLANG_WARN_BOOL_CONVERSION = YES;
				CLANG_WARN_COMMA = YES;
				CLANG_WARN_CONSTANT_CONVERSION = YES;
				CLANG_WARN_DEPRECATED_OBJC_IMPLEMENTATIONS = YES;
				CLANG_WARN_DIRECT_OBJC_ISA_USAGE = YES_ERROR;
				CLANG_WARN_DOCUMENTATION_COMMENTS = YES;
				CLANG_WARN_EMPTY_BODY = YES;
				CLANG_WARN_ENUM_CONVERSION = YES;
				CLANG_WARN_INFINITE_RECURSION = YES;
				CLANG_WARN_INT_CONVERSION = YES;
				CLANG_WARN_NON_LITERAL_NULL_CONVERSION = YES;
				CLANG_WARN_OBJC_IMPLICIT_RETAIN_SELF = YES;
				CLANG_WARN_OBJC_LITERAL_CONVERSION = YES;
				CLANG_WARN_OBJC_ROOT_CLASS = YES_ERROR;
				CLANG_WARN_QUOTED_INCLUDE_IN_FRAMEWORK_HEADER = YES;
				CLANG_WARN_RANGE_LOOP_ANALYSIS = YES;
				CLANG_WARN_STRICT_PROTOTYPES = YES;
				CLANG_WARN_SUSPICIOUS_MOVE = YES;
				CLANG_WARN_UNGUARDED_AVAILABILITY = YES_AGGRESSIVE;
				CLANG_WARN_UNREACHABLE_CODE = YES;
				CLANG_WARN__DUPLICATE_METHOD_MATCH = YES;
				COPY_PHASE_STRIP = NO;
				DEBUG_INFORMATION_FORMAT = dwarf;
				ENABLE_STRICT_OBJC_MSGSEND = YES;
				ENABLE_TESTABILITY = YES;
				GCC_C_LANGUAGE_STANDARD = gnu11;
				GCC_DYNAMIC_NO_PIC = NO;
				GCC_NO_COMMON_BLOCKS = YES;
				GCC_OPTIMIZATION_LEVEL = 0;
				GCC_PREPROCESSOR_DEFINITIONS = (
					"DEBUG=1",
					"$(inherited)",
				);
				GCC_WARN_64_TO_32_BIT_CONVERSION = YES;
				GCC_WARN_ABOUT_RETURN_TYPE = YES_ERROR;
				GCC_WARN_UNDECLARED_SELECTOR = YES;
				GCC_WARN_UNINITIALIZED_AUTOS = YES_AGGRESSIVE;
				GCC_WARN_UNUSED_FUNCTION = YES;
				GCC_WARN_UNUSED_VARIABLE = YES;
				IPHONEOS_DEPLOYMENT_TARGET = 14.4;
				MTL_ENABLE_DEBUG_INFO = INCLUDE_SOURCE;
				MTL_FAST_MATH = YES;
				ONLY_ACTIVE_ARCH = YES;
				SDKROOT = iphoneos;
				SWIFT_ACTIVE_COMPILATION_CONDITIONS = DEBUG;
				SWIFT_OPTIMIZATION_LEVEL = "-Onone";
			};
			name = Debug;
		};
		69DC59D425C8640800F7A4F1 /* Release */ = {
			isa = XCBuildConfiguration;
			buildSettings = {
				ALWAYS_SEARCH_USER_PATHS = NO;
				CLANG_ANALYZER_NONNULL = YES;
				CLANG_ANALYZER_NUMBER_OBJECT_CONVERSION = YES_AGGRESSIVE;
				CLANG_CXX_LANGUAGE_STANDARD = "gnu++14";
				CLANG_CXX_LIBRARY = "libc++";
				CLANG_ENABLE_MODULES = YES;
				CLANG_ENABLE_OBJC_ARC = YES;
				CLANG_ENABLE_OBJC_WEAK = YES;
				CLANG_WARN_BLOCK_CAPTURE_AUTORELEASING = YES;
				CLANG_WARN_BOOL_CONVERSION = YES;
				CLANG_WARN_COMMA = YES;
				CLANG_WARN_CONSTANT_CONVERSION = YES;
				CLANG_WARN_DEPRECATED_OBJC_IMPLEMENTATIONS = YES;
				CLANG_WARN_DIRECT_OBJC_ISA_USAGE = YES_ERROR;
				CLANG_WARN_DOCUMENTATION_COMMENTS = YES;
				CLANG_WARN_EMPTY_BODY = YES;
				CLANG_WARN_ENUM_CONVERSION = YES;
				CLANG_WARN_INFINITE_RECURSION = YES;
				CLANG_WARN_INT_CONVERSION = YES;
				CLANG_WARN_NON_LITERAL_NULL_CONVERSION = YES;
				CLANG_WARN_OBJC_IMPLICIT_RETAIN_SELF = YES;
				CLANG_WARN_OBJC_LITERAL_CONVERSION = YES;
				CLANG_WARN_OBJC_ROOT_CLASS = YES_ERROR;
				CLANG_WARN_QUOTED_INCLUDE_IN_FRAMEWORK_HEADER = YES;
				CLANG_WARN_RANGE_LOOP_ANALYSIS = YES;
				CLANG_WARN_STRICT_PROTOTYPES = YES;
				CLANG_WARN_SUSPICIOUS_MOVE = YES;
				CLANG_WARN_UNGUARDED_AVAILABILITY = YES_AGGRESSIVE;
				CLANG_WARN_UNREACHABLE_CODE = YES;
				CLANG_WARN__DUPLICATE_METHOD_MATCH = YES;
				COPY_PHASE_STRIP = NO;
				DEBUG_INFORMATION_FORMAT = "dwarf-with-dsym";
				ENABLE_NS_ASSERTIONS = NO;
				ENABLE_STRICT_OBJC_MSGSEND = YES;
				GCC_C_LANGUAGE_STANDARD = gnu11;
				GCC_NO_COMMON_BLOCKS = YES;
				GCC_WARN_64_TO_32_BIT_CONVERSION = YES;
				GCC_WARN_ABOUT_RETURN_TYPE = YES_ERROR;
				GCC_WARN_UNDECLARED_SELECTOR = YES;
				GCC_WARN_UNINITIALIZED_AUTOS = YES_AGGRESSIVE;
				GCC_WARN_UNUSED_FUNCTION = YES;
				GCC_WARN_UNUSED_VARIABLE = YES;
				IPHONEOS_DEPLOYMENT_TARGET = 14.4;
				MTL_ENABLE_DEBUG_INFO = NO;
				MTL_FAST_MATH = YES;
				SDKROOT = iphoneos;
				SWIFT_COMPILATION_MODE = wholemodule;
				SWIFT_OPTIMIZATION_LEVEL = "-O";
				VALIDATE_PRODUCT = YES;
			};
			name = Release;
		};
		69DC59D625C8640800F7A4F1 /* Debug */ = {
			isa = XCBuildConfiguration;
			baseConfigurationReference = 1B558A6F4706FF6985D3807A /* Pods-moviesApp.debug.xcconfig */;
			buildSettings = {
				ASSETCATALOG_COMPILER_APPICON_NAME = AppIcon;
				ASSETCATALOG_COMPILER_GLOBAL_ACCENT_COLOR_NAME = AccentColor;
				CODE_SIGN_STYLE = Automatic;
				DEFINES_MODULE = YES;
				DEVELOPMENT_TEAM = 55CJCN85U2;
				INFOPLIST_FILE = moviesApp/Application/Info.plist;
				LD_RUNPATH_SEARCH_PATHS = (
					"$(inherited)",
					"@executable_path/Frameworks",
				);
				PRODUCT_BUNDLE_IDENTIFIER = com.betosalcido.moviesApp;
				PRODUCT_NAME = "$(TARGET_NAME)";
				SWIFT_OBJC_BRIDGING_HEADER = "./moviesApp/Application/Bridging-Header.h";
				SWIFT_VERSION = 5.0;
				TARGETED_DEVICE_FAMILY = "1,2";
			};
			name = Debug;
		};
		69DC59D725C8640800F7A4F1 /* Release */ = {
			isa = XCBuildConfiguration;
			baseConfigurationReference = E223EEFE495AE24A78CDFCF0 /* Pods-moviesApp.release.xcconfig */;
			buildSettings = {
				ASSETCATALOG_COMPILER_APPICON_NAME = AppIcon;
				ASSETCATALOG_COMPILER_GLOBAL_ACCENT_COLOR_NAME = AccentColor;
				CODE_SIGN_STYLE = Automatic;
				DEFINES_MODULE = YES;
				DEVELOPMENT_TEAM = 55CJCN85U2;
				INFOPLIST_FILE = moviesApp/Application/Info.plist;
				LD_RUNPATH_SEARCH_PATHS = (
					"$(inherited)",
					"@executable_path/Frameworks",
				);
				PRODUCT_BUNDLE_IDENTIFIER = com.betosalcido.moviesApp;
				PRODUCT_NAME = "$(TARGET_NAME)";
				SWIFT_OBJC_BRIDGING_HEADER = "./moviesApp/Application/Bridging-Header.h";
				SWIFT_VERSION = 5.0;
				TARGETED_DEVICE_FAMILY = "1,2";
			};
			name = Release;
		};
/* End XCBuildConfiguration section */

/* Begin XCConfigurationList section */
		69DC59BC25C8640700F7A4F1 /* Build configuration list for PBXProject "moviesApp" */ = {
			isa = XCConfigurationList;
			buildConfigurations = (
				69DC59D325C8640800F7A4F1 /* Debug */,
				69DC59D425C8640800F7A4F1 /* Release */,
			);
			defaultConfigurationIsVisible = 0;
			defaultConfigurationName = Release;
		};
		69DC59D525C8640800F7A4F1 /* Build configuration list for PBXNativeTarget "moviesApp" */ = {
			isa = XCConfigurationList;
			buildConfigurations = (
				69DC59D625C8640800F7A4F1 /* Debug */,
				69DC59D725C8640800F7A4F1 /* Release */,
			);
			defaultConfigurationIsVisible = 0;
			defaultConfigurationName = Release;
		};
/* End XCConfigurationList section */
	};
	rootObject = 69DC59B925C8640700F7A4F1 /* Project object */;
}
